
Microsoft Visual Studio Solution File, Format Version 12.00
# Visual Studio 15
VisualStudioVersion = 15.0.26730.15
MinimumVisualStudioVersion = 10.0.40219.1
Project("{FAE04EC0-301F-11D3-BF4B-00C04F79EFBC}") = "Golf.Data", "Golf.Data\Golf.Data.csproj", "{C693015E-33CD-4806-B92E-1395E6EF40E9}"
EndProject
Project("{2150E333-8FDC-42A3-9474-1A3956D46DE8}") = "Tests", "Tests", "{02732746-BAB8-4FDF-8759-317611FC9CDF}"
EndProject
Project("{FAE04EC0-301F-11D3-BF4B-00C04F79EFBC}") = "Golf.Models", "Golf.Models\Golf.Models.csproj", "{E2A4416A-69AA-4D44-AA91-D75808987D7E}"
EndProject
Project("{FAE04EC0-301F-11D3-BF4B-00C04F79EFBC}") = "Golf.Data.UnitTest", "..\Tests\Golf.Data.UnitTest\Golf.Data.UnitTest.csproj", "{57056731-92EB-4ECA-950D-7F6BFB596F9C}"
EndProject
Project("{FAE04EC0-301F-11D3-BF4B-00C04F79EFBC}") = "Golf.Data.IntegrationTests", "..\Tests\Golf.Data.IntegrationTests\Golf.Data.IntegrationTests.csproj", "{8E73788E-39EE-4228-895A-94049B5F2240}"
EndProject
Project("{FAE04EC0-301F-11D3-BF4B-00C04F79EFBC}") = "Golf.WebApi", "Golf.WebApi\Golf.WebApi.csproj", "{B35FC78B-8882-4796-8AFF-AE5DC77EE6D8}"
EndProject
Project("{E24C65DC-7377-472B-9ABA-BC803B73C61A}") = "Golf.Web", "Golf.Web\", "{C7CD6C35-98D9-480A-B2A3-C0DF798BCE12}"
	ProjectSection(WebsiteProperties) = preProject
		TargetFrameworkMoniker = ".NETFramework,Version%3Dv4.0"
		Debug.AspNetCompiler.VirtualPath = "/localhost_52538"
		Debug.AspNetCompiler.PhysicalPath = "Golf.Web\"
		Debug.AspNetCompiler.TargetPath = "PrecompiledWeb\localhost_52538\"
		Debug.AspNetCompiler.Updateable = "true"
		Debug.AspNetCompiler.ForceOverwrite = "true"
		Debug.AspNetCompiler.FixedNames = "false"
		Debug.AspNetCompiler.Debug = "True"
		Release.AspNetCompiler.VirtualPath = "/localhost_52538"
		Release.AspNetCompiler.PhysicalPath = "Golf.Web\"
		Release.AspNetCompiler.TargetPath = "PrecompiledWeb\localhost_52538\"
		Release.AspNetCompiler.Updateable = "true"
		Release.AspNetCompiler.ForceOverwrite = "true"
		Release.AspNetCompiler.FixedNames = "false"
		Release.AspNetCompiler.Debug = "False"
		VWDPort = "52538"
		SlnRelativePath = "Golf.Web\"
	EndProjectSection
EndProject
Global
	GlobalSection(SolutionConfigurationPlatforms) = preSolution
		Debug|Any CPU = Debug|Any CPU
		Debug|ARM = Debug|ARM
		Debug|x64 = Debug|x64
		Debug|x86 = Debug|x86
		Release|Any CPU = Release|Any CPU
		Release|ARM = Release|ARM
		Release|x64 = Release|x64
		Release|x86 = Release|x86
	EndGlobalSection
	GlobalSection(ProjectConfigurationPlatforms) = postSolution
		{C693015E-33CD-4806-B92E-1395E6EF40E9}.Debug|Any CPU.ActiveCfg = Debug|Any CPU
		{C693015E-33CD-4806-B92E-1395E6EF40E9}.Debug|Any CPU.Build.0 = Debug|Any CPU
		{C693015E-33CD-4806-B92E-1395E6EF40E9}.Debug|ARM.ActiveCfg = Debug|Any CPU
		{C693015E-33CD-4806-B92E-1395E6EF40E9}.Debug|ARM.Build.0 = Debug|Any CPU
		{C693015E-33CD-4806-B92E-1395E6EF40E9}.Debug|x64.ActiveCfg = Debug|Any CPU
		{C693015E-33CD-4806-B92E-1395E6EF40E9}.Debug|x64.Build.0 = Debug|Any CPU
		{C693015E-33CD-4806-B92E-1395E6EF40E9}.Debug|x86.ActiveCfg = Debug|Any CPU
		{C693015E-33CD-4806-B92E-1395E6EF40E9}.Debug|x86.Build.0 = Debug|Any CPU
		{C693015E-33CD-4806-B92E-1395E6EF40E9}.Release|Any CPU.ActiveCfg = Release|Any CPU
		{C693015E-33CD-4806-B92E-1395E6EF40E9}.Release|Any CPU.Build.0 = Release|Any CPU
		{C693015E-33CD-4806-B92E-1395E6EF40E9}.Release|ARM.ActiveCfg = Release|Any CPU
		{C693015E-33CD-4806-B92E-1395E6EF40E9}.Release|ARM.Build.0 = Release|Any CPU
		{C693015E-33CD-4806-B92E-1395E6EF40E9}.Release|x64.ActiveCfg = Release|Any CPU
		{C693015E-33CD-4806-B92E-1395E6EF40E9}.Release|x64.Build.0 = Release|Any CPU
		{C693015E-33CD-4806-B92E-1395E6EF40E9}.Release|x86.ActiveCfg = Release|Any CPU
		{C693015E-33CD-4806-B92E-1395E6EF40E9}.Release|x86.Build.0 = Release|Any CPU
		{E2A4416A-69AA-4D44-AA91-D75808987D7E}.Debug|Any CPU.ActiveCfg = Debug|Any CPU
		{E2A4416A-69AA-4D44-AA91-D75808987D7E}.Debug|Any CPU.Build.0 = Debug|Any CPU
		{E2A4416A-69AA-4D44-AA91-D75808987D7E}.Debug|ARM.ActiveCfg = Debug|Any CPU
		{E2A4416A-69AA-4D44-AA91-D75808987D7E}.Debug|ARM.Build.0 = Debug|Any CPU
		{E2A4416A-69AA-4D44-AA91-D75808987D7E}.Debug|x64.ActiveCfg = Debug|Any CPU
		{E2A4416A-69AA-4D44-AA91-D75808987D7E}.Debug|x64.Build.0 = Debug|Any CPU
		{E2A4416A-69AA-4D44-AA91-D75808987D7E}.Debug|x86.ActiveCfg = Debug|Any CPU
		{E2A4416A-69AA-4D44-AA91-D75808987D7E}.Debug|x86.Build.0 = Debug|Any CPU
		{E2A4416A-69AA-4D44-AA91-D75808987D7E}.Release|Any CPU.ActiveCfg = Release|Any CPU
		{E2A4416A-69AA-4D44-AA91-D75808987D7E}.Release|Any CPU.Build.0 = Release|Any CPU
		{E2A4416A-69AA-4D44-AA91-D75808987D7E}.Release|ARM.ActiveCfg = Release|Any CPU
		{E2A4416A-69AA-4D44-AA91-D75808987D7E}.Release|ARM.Build.0 = Release|Any CPU
		{E2A4416A-69AA-4D44-AA91-D75808987D7E}.Release|x64.ActiveCfg = Release|Any CPU
		{E2A4416A-69AA-4D44-AA91-D75808987D7E}.Release|x64.Build.0 = Release|Any CPU
		{E2A4416A-69AA-4D44-AA91-D75808987D7E}.Release|x86.ActiveCfg = Release|Any CPU
		{E2A4416A-69AA-4D44-AA91-D75808987D7E}.Release|x86.Build.0 = Release|Any CPU
		{57056731-92EB-4ECA-950D-7F6BFB596F9C}.Debug|Any CPU.ActiveCfg = Debug|Any CPU
		{57056731-92EB-4ECA-950D-7F6BFB596F9C}.Debug|Any CPU.Build.0 = Debug|Any CPU
		{57056731-92EB-4ECA-950D-7F6BFB596F9C}.Debug|ARM.ActiveCfg = Debug|Any CPU
		{57056731-92EB-4ECA-950D-7F6BFB596F9C}.Debug|ARM.Build.0 = Debug|Any CPU
		{57056731-92EB-4ECA-950D-7F6BFB596F9C}.Debug|x64.ActiveCfg = Debug|Any CPU
		{57056731-92EB-4ECA-950D-7F6BFB596F9C}.Debug|x64.Build.0 = Debug|Any CPU
		{57056731-92EB-4ECA-950D-7F6BFB596F9C}.Debug|x86.ActiveCfg = Debug|Any CPU
		{57056731-92EB-4ECA-950D-7F6BFB596F9C}.Debug|x86.Build.0 = Debug|Any CPU
		{57056731-92EB-4ECA-950D-7F6BFB596F9C}.Release|Any CPU.ActiveCfg = Release|Any CPU
		{57056731-92EB-4ECA-950D-7F6BFB596F9C}.Release|Any CPU.Build.0 = Release|Any CPU
		{57056731-92EB-4ECA-950D-7F6BFB596F9C}.Release|ARM.ActiveCfg = Release|Any CPU
		{57056731-92EB-4ECA-950D-7F6BFB596F9C}.Release|ARM.Build.0 = Release|Any CPU
		{57056731-92EB-4ECA-950D-7F6BFB596F9C}.Release|x64.ActiveCfg = Release|Any CPU
		{57056731-92EB-4ECA-950D-7F6BFB596F9C}.Release|x64.Build.0 = Release|Any CPU
		{57056731-92EB-4ECA-950D-7F6BFB596F9C}.Release|x86.ActiveCfg = Release|Any CPU
		{57056731-92EB-4ECA-950D-7F6BFB596F9C}.Release|x86.Build.0 = Release|Any CPU
		{8E73788E-39EE-4228-895A-94049B5F2240}.Debug|Any CPU.ActiveCfg = Debug|Any CPU
		{8E73788E-39EE-4228-895A-94049B5F2240}.Debug|Any CPU.Build.0 = Debug|Any CPU
		{8E73788E-39EE-4228-895A-94049B5F2240}.Debug|ARM.ActiveCfg = Debug|Any CPU
		{8E73788E-39EE-4228-895A-94049B5F2240}.Debug|ARM.Build.0 = Debug|Any CPU
		{8E73788E-39EE-4228-895A-94049B5F2240}.Debug|x64.ActiveCfg = Debug|Any CPU
		{8E73788E-39EE-4228-895A-94049B5F2240}.Debug|x64.Build.0 = Debug|Any CPU
		{8E73788E-39EE-4228-895A-94049B5F2240}.Debug|x86.ActiveCfg = Debug|Any CPU
		{8E73788E-39EE-4228-895A-94049B5F2240}.Debug|x86.Build.0 = Debug|Any CPU
		{8E73788E-39EE-4228-895A-94049B5F2240}.Release|Any CPU.ActiveCfg = Release|Any CPU
		{8E73788E-39EE-4228-895A-94049B5F2240}.Release|Any CPU.Build.0 = Release|Any CPU
		{8E73788E-39EE-4228-895A-94049B5F2240}.Release|ARM.ActiveCfg = Release|Any CPU
		{8E73788E-39EE-4228-895A-94049B5F2240}.Release|ARM.Build.0 = Release|Any CPU
		{8E73788E-39EE-4228-895A-94049B5F2240}.Release|x64.ActiveCfg = Release|Any CPU
		{8E73788E-39EE-4228-895A-94049B5F2240}.Release|x64.Build.0 = Release|Any CPU
		{8E73788E-39EE-4228-895A-94049B5F2240}.Release|x86.ActiveCfg = Release|Any CPU
		{8E73788E-39EE-4228-895A-94049B5F2240}.Release|x86.Build.0 = Release|Any CPU
		{B35FC78B-8882-4796-8AFF-AE5DC77EE6D8}.Debug|Any CPU.ActiveCfg = Debug|Any CPU
		{B35FC78B-8882-4796-8AFF-AE5DC77EE6D8}.Debug|Any CPU.Build.0 = Debug|Any CPU
		{B35FC78B-8882-4796-8AFF-AE5DC77EE6D8}.Debug|ARM.ActiveCfg = Debug|Any CPU
		{B35FC78B-8882-4796-8AFF-AE5DC77EE6D8}.Debug|ARM.Build.0 = Debug|Any CPU
		{B35FC78B-8882-4796-8AFF-AE5DC77EE6D8}.Debug|x64.ActiveCfg = Debug|Any CPU
		{B35FC78B-8882-4796-8AFF-AE5DC77EE6D8}.Debug|x64.Build.0 = Debug|Any CPU
		{B35FC78B-8882-4796-8AFF-AE5DC77EE6D8}.Debug|x86.ActiveCfg = Debug|Any CPU
		{B35FC78B-8882-4796-8AFF-AE5DC77EE6D8}.Debug|x86.Build.0 = Debug|Any CPU
		{B35FC78B-8882-4796-8AFF-AE5DC77EE6D8}.Release|Any CPU.ActiveCfg = Release|Any CPU
		{B35FC78B-8882-4796-8AFF-AE5DC77EE6D8}.Release|Any CPU.Build.0 = Release|Any CPU
		{B35FC78B-8882-4796-8AFF-AE5DC77EE6D8}.Release|ARM.ActiveCfg = Release|Any CPU
		{B35FC78B-8882-4796-8AFF-AE5DC77EE6D8}.Release|ARM.Build.0 = Release|Any CPU
		{B35FC78B-8882-4796-8AFF-AE5DC77EE6D8}.Release|x64.ActiveCfg = Release|Any CPU
		{B35FC78B-8882-4796-8AFF-AE5DC77EE6D8}.Release|x64.Build.0 = Release|Any CPU
		{B35FC78B-8882-4796-8AFF-AE5DC77EE6D8}.Release|x86.ActiveCfg = Release|Any CPU
		{B35FC78B-8882-4796-8AFF-AE5DC77EE6D8}.Release|x86.Build.0 = Release|Any CPU
		{C7CD6C35-98D9-480A-B2A3-C0DF798BCE12}.Debug|Any CPU.ActiveCfg = Debug|Any CPU
		{C7CD6C35-98D9-480A-B2A3-C0DF798BCE12}.Debug|Any CPU.Build.0 = Debug|Any CPU
		{C7CD6C35-98D9-480A-B2A3-C0DF798BCE12}.Debug|ARM.ActiveCfg = Debug|Any CPU
		{C7CD6C35-98D9-480A-B2A3-C0DF798BCE12}.Debug|ARM.Build.0 = Debug|Any CPU
		{C7CD6C35-98D9-480A-B2A3-C0DF798BCE12}.Debug|x64.ActiveCfg = Debug|Any CPU
		{C7CD6C35-98D9-480A-B2A3-C0DF798BCE12}.Debug|x64.Build.0 = Debug|Any CPU
		{C7CD6C35-98D9-480A-B2A3-C0DF798BCE12}.Debug|x86.ActiveCfg = Debug|Any CPU
		{C7CD6C35-98D9-480A-B2A3-C0DF798BCE12}.Debug|x86.Build.0 = Debug|Any CPU
		{C7CD6C35-98D9-480A-B2A3-C0DF798BCE12}.Release|Any CPU.ActiveCfg = Debug|Any CPU
		{C7CD6C35-98D9-480A-B2A3-C0DF798BCE12}.Release|Any CPU.Build.0 = Debug|Any CPU
		{C7CD6C35-98D9-480A-B2A3-C0DF798BCE12}.Release|ARM.ActiveCfg = Debug|Any CPU
		{C7CD6C35-98D9-480A-B2A3-C0DF798BCE12}.Release|ARM.Build.0 = Debug|Any CPU
		{C7CD6C35-98D9-480A-B2A3-C0DF798BCE12}.Release|x64.ActiveCfg = Debug|Any CPU
		{C7CD6C35-98D9-480A-B2A3-C0DF798BCE12}.Release|x64.Build.0 = Debug|Any CPU
		{C7CD6C35-98D9-480A-B2A3-C0DF798BCE12}.Release|x86.ActiveCfg = Debug|Any CPU
		{C7CD6C35-98D9-480A-B2A3-C0DF798BCE12}.Release|x86.Build.0 = Debug|Any CPU
	EndGlobalSection
	GlobalSection(SolutionProperties) = preSolution
		HideSolutionNode = FALSE
	EndGlobalSection
	GlobalSection(NestedProjects) = preSolution
		{57056731-92EB-4ECA-950D-7F6BFB596F9C} = {02732746-BAB8-4FDF-8759-317611FC9CDF}
		{8E73788E-39EE-4228-895A-94049B5F2240} = {02732746-BAB8-4FDF-8759-317611FC9CDF}
	EndGlobalSection
	GlobalSection(ExtensibilityGlobals) = postSolution
		SolutionGuid = {F76FFDC2-7D02-4875-98B6-6349D44571C1}
	EndGlobalSection
EndGlobal
